
Microsoft Visual Studio Solution File, Format Version 12.00
# Visual Studio Version 17
VisualStudioVersion = 17.10.35122.118
MinimumVisualStudioVersion = 10.0.40219.1
Project("{FAE04EC0-301F-11D3-BF4B-00C04F79EFBC}") = "Sofbeauty_API_MiguelCR", "Sofbeauty_API_MiguelCR\Sofbeauty_API_MiguelCR.csproj", "{A39A0BC6-8A73-47C9-95D5-6D252D5BB69C}"
EndProject
Global
	GlobalSection(SolutionConfigurationPlatforms) = preSolution
		Debug|Any CPU = Debug|Any CPU
		Release|Any CPU = Release|Any CPU
	EndGlobalSection
	GlobalSection(ProjectConfigurationPlatforms) = postSolution
		{A39A0BC6-8A73-47C9-95D5-6D252D5BB69C}.Debug|Any CPU.ActiveCfg = Debug|Any CPU
		{A39A0BC6-8A73-47C9-95D5-6D252D5BB69C}.Debug|Any CPU.Build.0 = Debug|Any CPU
		{A39A0BC6-8A73-47C9-95D5-6D252D5BB69C}.Release|Any CPU.ActiveCfg = Release|Any CPU
		{A39A0BC6-8A73-47C9-95D5-6D252D5BB69C}.Release|Any CPU.Build.0 = Release|Any CPU
	EndGlobalSection
	GlobalSection(SolutionProperties) = preSolution
		HideSolutionNode = FALSE
	EndGlobalSection
	GlobalSection(ExtensibilityGlobals) = postSolution
		SolutionGuid = {39B7F300-663F-463B-A860-881639B0028A}
	EndGlobalSection
EndGlobal
